
Microsoft Visual Studio Solution File, Format Version 12.00
# Visual Studio Version 17
VisualStudioVersion = 17.6.33815.320
MinimumVisualStudioVersion = 10.0.40219.1
Project("{FAE04EC0-301F-11D3-BF4B-00C04F79EFBC}") = "Assignment", "Assignment\Assignment.csproj", "{77CEF64D-65E6-4386-B1F2-C9944AB7A376}"
EndProject
Global
	GlobalSection(SolutionConfigurationPlatforms) = preSolution
		Debug|Any CPU = Debug|Any CPU
		Release|Any CPU = Release|Any CPU
	EndGlobalSection
	GlobalSection(ProjectConfigurationPlatforms) = postSolution
		{77CEF64D-65E6-4386-B1F2-C9944AB7A376}.Debug|Any CPU.ActiveCfg = Debug|Any CPU
		{77CEF64D-65E6-4386-B1F2-C9944AB7A376}.Debug|Any CPU.Build.0 = Debug|Any CPU
		{77CEF64D-65E6-4386-B1F2-C9944AB7A376}.Release|Any CPU.ActiveCfg = Release|Any CPU
		{77CEF64D-65E6-4386-B1F2-C9944AB7A376}.Release|Any CPU.Build.0 = Release|Any CPU
	EndGlobalSection
	GlobalSection(SolutionProperties) = preSolution
		HideSolutionNode = FALSE
	EndGlobalSection
	GlobalSection(ExtensibilityGlobals) = postSolution
		SolutionGuid = {5F3F36C1-284D-44FC-B560-A45535597E1D}
	EndGlobalSection
EndGlobal
